{
  "requires": true,
  "lockfileVersion": 1,
  "dependencies": {
    "zero-md": {
      "version": "2.4.0",
      "resolved": "https://registry.npmjs.org/zero-md/-/zero-md-2.4.0.tgz",
      "integrity": "sha512-flU6nSaKJLQllrF+vKCDNbOdMZ2Cm9dgF3qOKEK/8ChjP0+4pjOK/W55EJ4A+d3hMsBVjowHYktB8uuXfGASYw=="
    }
  }
}
